// !$*UTF8*$!
{
	archiveVersion = 1;
	classes = {
	};
	objectVersion = 48;
	objects = {

/* Begin PBXBuildFile section */
		0E9680025E118648A553BE8E /* Pods_OriginalApplicationUITests.framework in Frameworks */ = {isa = PBXBuildFile; fileRef = D273083171388702153FB73A /* Pods_OriginalApplicationUITests.framework */; };
		A43F3B51218DB155002CA991 /* BarChartViewController.swift in Sources */ = {isa = PBXBuildFile; fileRef = A43F3B50218DB155002CA991 /* BarChartViewController.swift */; };
		A44551802009D565007115CC /* AppDelegate.swift in Sources */ = {isa = PBXBuildFile; fileRef = A445517F2009D565007115CC /* AppDelegate.swift */; };
		A44551822009D565007115CC /* ViewController.swift in Sources */ = {isa = PBXBuildFile; fileRef = A44551812009D565007115CC /* ViewController.swift */; };
		A44551852009D565007115CC /* Main.storyboard in Resources */ = {isa = PBXBuildFile; fileRef = A44551832009D565007115CC /* Main.storyboard */; };
		A44551872009D565007115CC /* Assets.xcassets in Resources */ = {isa = PBXBuildFile; fileRef = A44551862009D565007115CC /* Assets.xcassets */; };
		A445518A2009D565007115CC /* LaunchScreen.storyboard in Resources */ = {isa = PBXBuildFile; fileRef = A44551882009D565007115CC /* LaunchScreen.storyboard */; };
		A44551952009D565007115CC /* OriginalApplicationTests.swift in Sources */ = {isa = PBXBuildFile; fileRef = A44551942009D565007115CC /* OriginalApplicationTests.swift */; };
		A44551A02009D565007115CC /* OriginalApplicationUITests.swift in Sources */ = {isa = PBXBuildFile; fileRef = A445519F2009D565007115CC /* OriginalApplicationUITests.swift */; };
		A44551AE2009E3CE007115CC /* NotesViewController.swift in Sources */ = {isa = PBXBuildFile; fileRef = A44551AD2009E3CE007115CC /* NotesViewController.swift */; };
		A44551B02009E3E4007115CC /* AllSubjectsViewController.swift in Sources */ = {isa = PBXBuildFile; fileRef = A44551AF2009E3E4007115CC /* AllSubjectsViewController.swift */; };
		A44551B22009E3F8007115CC /* EachSubjectViewController.swift in Sources */ = {isa = PBXBuildFile; fileRef = A44551B12009E3F8007115CC /* EachSubjectViewController.swift */; };
		A44551B42009E40A007115CC /* ScoresViewController.swift in Sources */ = {isa = PBXBuildFile; fileRef = A44551B32009E40A007115CC /* ScoresViewController.swift */; };
		A48A4A5F21038558000CA2EA /* NameViewController.swift in Sources */ = {isa = PBXBuildFile; fileRef = A48A4A5E21038558000CA2EA /* NameViewController.swift */; };
		A48A4A61210386D7000CA2EA /* 黄緑色.gif in Resources */ = {isa = PBXBuildFile; fileRef = A48A4A60210386D7000CA2EA /* 黄緑色.gif */; };
		A48A4A6321038702000CA2EA /* 群青色.gif in Resources */ = {isa = PBXBuildFile; fileRef = A48A4A6221038702000CA2EA /* 群青色.gif */; };
		A48A4A6521038724000CA2EA /* 青緑々色.gif in Resources */ = {isa = PBXBuildFile; fileRef = A48A4A6421038724000CA2EA /* 青緑々色.gif */; };
		A48A4A6721038760000CA2EA /* 青緑色.gif in Resources */ = {isa = PBXBuildFile; fileRef = A48A4A6621038760000CA2EA /* 青緑色.gif */; };
		A48A4A69210387BA000CA2EA /* 青々緑色.gif in Resources */ = {isa = PBXBuildFile; fileRef = A48A4A68210387BA000CA2EA /* 青々緑色.gif */; };
		A490E88120232F53000B0983 /* ノート.jpg in Resources */ = {isa = PBXBuildFile; fileRef = A490E88020232F53000B0983 /* ノート.jpg */; };
		B44927614DA47EE472C05DEF /* Pods_OriginalApplication.framework in Frameworks */ = {isa = PBXBuildFile; fileRef = 464D16E4371B30D8ED26EEA1 /* Pods_OriginalApplication.framework */; };
		F6F3E6642AD801CDF0BA1CCE /* Pods_OriginalApplicationTests.framework in Frameworks */ = {isa = PBXBuildFile; fileRef = CEF20F96052AB6A3353B95F1 /* Pods_OriginalApplicationTests.framework */; };
/* End PBXBuildFile section */

/* Begin PBXContainerItemProxy section */
		A44551912009D565007115CC /* PBXContainerItemProxy */ = {
			isa = PBXContainerItemProxy;
			containerPortal = A44551742009D565007115CC /* Project object */;
			proxyType = 1;
			remoteGlobalIDString = A445517B2009D565007115CC;
			remoteInfo = OriginalApplication;
		};
		A445519C2009D565007115CC /* PBXContainerItemProxy */ = {
			isa = PBXContainerItemProxy;
			containerPortal = A44551742009D565007115CC /* Project object */;
			proxyType = 1;
			remoteGlobalIDString = A445517B2009D565007115CC;
			remoteInfo = OriginalApplication;
		};
/* End PBXContainerItemProxy section */

/* Begin PBXFileReference section */
		1B98971ADA006C89052D9E06 /* Pods-OriginalApplicationUITests.debug.xcconfig */ = {isa = PBXFileReference; includeInIndex = 1; lastKnownFileType = text.xcconfig; name = "Pods-OriginalApplicationUITests.debug.xcconfig"; path = "Pods/Target Support Files/Pods-OriginalApplicationUITests/Pods-OriginalApplicationUITests.debug.xcconfig"; sourceTree = "<group>"; };
		239FF9897C171BA25DA30A04 /* Pods-OriginalApplicationTests.debug.xcconfig */ = {isa = PBXFileReference; includeInIndex = 1; lastKnownFileType = text.xcconfig; name = "Pods-OriginalApplicationTests.debug.xcconfig"; path = "Pods/Target Support Files/Pods-OriginalApplicationTests/Pods-OriginalApplicationTests.debug.xcconfig"; sourceTree = "<group>"; };
		464D16E4371B30D8ED26EEA1 /* Pods_OriginalApplication.framework */ = {isa = PBXFileReference; explicitFileType = wrapper.framework; includeInIndex = 0; path = Pods_OriginalApplication.framework; sourceTree = BUILT_PRODUCTS_DIR; };
		6F0A788B9EC228A5880EB500 /* Pods-OriginalApplicationUITests.release.xcconfig */ = {isa = PBXFileReference; includeInIndex = 1; lastKnownFileType = text.xcconfig; name = "Pods-OriginalApplicationUITests.release.xcconfig"; path = "Pods/Target Support Files/Pods-OriginalApplicationUITests/Pods-OriginalApplicationUITests.release.xcconfig"; sourceTree = "<group>"; };
		A43F3B50218DB155002CA991 /* BarChartViewController.swift */ = {isa = PBXFileReference; lastKnownFileType = sourcecode.swift; path = BarChartViewController.swift; sourceTree = "<group>"; };
		A445517C2009D565007115CC /* OriginalApplication.app */ = {isa = PBXFileReference; explicitFileType = wrapper.application; includeInIndex = 0; path = OriginalApplication.app; sourceTree = BUILT_PRODUCTS_DIR; };
		A445517F2009D565007115CC /* AppDelegate.swift */ = {isa = PBXFileReference; lastKnownFileType = sourcecode.swift; path = AppDelegate.swift; sourceTree = "<group>"; };
		A44551812009D565007115CC /* ViewController.swift */ = {isa = PBXFileReference; lastKnownFileType = sourcecode.swift; path = ViewController.swift; sourceTree = "<group>"; };
		A44551842009D565007115CC /* Base */ = {isa = PBXFileReference; lastKnownFileType = file.storyboard; name = Base; path = Base.lproj/Main.storyboard; sourceTree = "<group>"; };
		A44551862009D565007115CC /* Assets.xcassets */ = {isa = PBXFileReference; lastKnownFileType = folder.assetcatalog; path = Assets.xcassets; sourceTree = "<group>"; };
		A44551892009D565007115CC /* Base */ = {isa = PBXFileReference; lastKnownFileType = file.storyboard; name = Base; path = Base.lproj/LaunchScreen.storyboard; sourceTree = "<group>"; };
		A445518B2009D565007115CC /* Info.plist */ = {isa = PBXFileReference; lastKnownFileType = text.plist.xml; path = Info.plist; sourceTree = "<group>"; };
		A44551902009D565007115CC /* OriginalApplicationTests.xctest */ = {isa = PBXFileReference; explicitFileType = wrapper.cfbundle; includeInIndex = 0; path = OriginalApplicationTests.xctest; sourceTree = BUILT_PRODUCTS_DIR; };
		A44551942009D565007115CC /* OriginalApplicationTests.swift */ = {isa = PBXFileReference; lastKnownFileType = sourcecode.swift; path = OriginalApplicationTests.swift; sourceTree = "<group>"; };
		A44551962009D565007115CC /* Info.plist */ = {isa = PBXFileReference; lastKnownFileType = text.plist.xml; path = Info.plist; sourceTree = "<group>"; };
		A445519B2009D565007115CC /* OriginalApplicationUITests.xctest */ = {isa = PBXFileReference; explicitFileType = wrapper.cfbundle; includeInIndex = 0; path = OriginalApplicationUITests.xctest; sourceTree = BUILT_PRODUCTS_DIR; };
		A445519F2009D565007115CC /* OriginalApplicationUITests.swift */ = {isa = PBXFileReference; lastKnownFileType = sourcecode.swift; path = OriginalApplicationUITests.swift; sourceTree = "<group>"; };
		A44551A12009D565007115CC /* Info.plist */ = {isa = PBXFileReference; lastKnownFileType = text.plist.xml; path = Info.plist; sourceTree = "<group>"; };
		A44551AD2009E3CE007115CC /* NotesViewController.swift */ = {isa = PBXFileReference; lastKnownFileType = sourcecode.swift; path = NotesViewController.swift; sourceTree = "<group>"; };
		A44551AF2009E3E4007115CC /* AllSubjectsViewController.swift */ = {isa = PBXFileReference; lastKnownFileType = sourcecode.swift; path = AllSubjectsViewController.swift; sourceTree = "<group>"; };
		A44551B12009E3F8007115CC /* EachSubjectViewController.swift */ = {isa = PBXFileReference; lastKnownFileType = sourcecode.swift; path = EachSubjectViewController.swift; sourceTree = "<group>"; };
		A44551B32009E40A007115CC /* ScoresViewController.swift */ = {isa = PBXFileReference; lastKnownFileType = sourcecode.swift; path = ScoresViewController.swift; sourceTree = "<group>"; };
		A48A4A5E21038558000CA2EA /* NameViewController.swift */ = {isa = PBXFileReference; lastKnownFileType = sourcecode.swift; path = NameViewController.swift; sourceTree = "<group>"; };
		A48A4A60210386D7000CA2EA /* 黄緑色.gif */ = {isa = PBXFileReference; lastKnownFileType = image.gif; name = "黄緑色.gif"; path = "../../背景/黄緑色.gif"; sourceTree = "<group>"; };
		A48A4A6221038702000CA2EA /* 群青色.gif */ = {isa = PBXFileReference; lastKnownFileType = image.gif; name = "群青色.gif"; path = "../../背景/群青色.gif"; sourceTree = "<group>"; };
		A48A4A6421038724000CA2EA /* 青緑々色.gif */ = {isa = PBXFileReference; lastKnownFileType = image.gif; name = "青緑々色.gif"; path = "../../背景/青緑々色.gif"; sourceTree = "<group>"; };
		A48A4A6621038760000CA2EA /* 青緑色.gif */ = {isa = PBXFileReference; lastKnownFileType = image.gif; name = "青緑色.gif"; path = "../../背景/青緑色.gif"; sourceTree = "<group>"; };
		A48A4A68210387BA000CA2EA /* 青々緑色.gif */ = {isa = PBXFileReference; lastKnownFileType = image.gif; name = "青々緑色.gif"; path = "../../背景/青々緑色.gif"; sourceTree = "<group>"; };
		A490E88020232F53000B0983 /* ノート.jpg */ = {isa = PBXFileReference; lastKnownFileType = image.jpeg; name = "ノート.jpg"; path = "../../背景/ノート.jpg"; sourceTree = "<group>"; };
		C94BD97B5EB671E5D665CB6D /* Pods-OriginalApplicationTests.release.xcconfig */ = {isa = PBXFileReference; includeInIndex = 1; lastKnownFileType = text.xcconfig; name = "Pods-OriginalApplicationTests.release.xcconfig"; path = "Pods/Target Support Files/Pods-OriginalApplicationTests/Pods-OriginalApplicationTests.release.xcconfig"; sourceTree = "<group>"; };
		CEF20F96052AB6A3353B95F1 /* Pods_OriginalApplicationTests.framework */ = {isa = PBXFileReference; explicitFileType = wrapper.framework; includeInIndex = 0; path = Pods_OriginalApplicationTests.framework; sourceTree = BUILT_PRODUCTS_DIR; };
		D273083171388702153FB73A /* Pods_OriginalApplicationUITests.framework */ = {isa = PBXFileReference; explicitFileType = wrapper.framework; includeInIndex = 0; path = Pods_OriginalApplicationUITests.framework; sourceTree = BUILT_PRODUCTS_DIR; };
		D7478E179DFBEACB38F65B82 /* Pods-OriginalApplication.debug.xcconfig */ = {isa = PBXFileReference; includeInIndex = 1; lastKnownFileType = text.xcconfig; name = "Pods-OriginalApplication.debug.xcconfig"; path = "Pods/Target Support Files/Pods-OriginalApplication/Pods-OriginalApplication.debug.xcconfig"; sourceTree = "<group>"; };
		ECD4AA5E4152EBE3B310501F /* Pods-OriginalApplication.release.xcconfig */ = {isa = PBXFileReference; includeInIndex = 1; lastKnownFileType = text.xcconfig; name = "Pods-OriginalApplication.release.xcconfig"; path = "Pods/Target Support Files/Pods-OriginalApplication/Pods-OriginalApplication.release.xcconfig"; sourceTree = "<group>"; };
/* End PBXFileReference section */

/* Begin PBXFrameworksBuildPhase section */
		A44551792009D565007115CC /* Frameworks */ = {
			isa = PBXFrameworksBuildPhase;
			buildActionMask = 2147483647;
			files = (
				B44927614DA47EE472C05DEF /* Pods_OriginalApplication.framework in Frameworks */,
			);
			runOnlyForDeploymentPostprocessing = 0;
		};
		A445518D2009D565007115CC /* Frameworks */ = {
			isa = PBXFrameworksBuildPhase;
			buildActionMask = 2147483647;
			files = (
				F6F3E6642AD801CDF0BA1CCE /* Pods_OriginalApplicationTests.framework in Frameworks */,
			);
			runOnlyForDeploymentPostprocessing = 0;
		};
		A44551982009D565007115CC /* Frameworks */ = {
			isa = PBXFrameworksBuildPhase;
			buildActionMask = 2147483647;
			files = (
				0E9680025E118648A553BE8E /* Pods_OriginalApplicationUITests.framework in Frameworks */,
			);
			runOnlyForDeploymentPostprocessing = 0;
		};
/* End PBXFrameworksBuildPhase section */

/* Begin PBXGroup section */
		12F0C6BB887811F59FABF293 /* Pods */ = {
			isa = PBXGroup;
			children = (
				D7478E179DFBEACB38F65B82 /* Pods-OriginalApplication.debug.xcconfig */,
				ECD4AA5E4152EBE3B310501F /* Pods-OriginalApplication.release.xcconfig */,
				239FF9897C171BA25DA30A04 /* Pods-OriginalApplicationTests.debug.xcconfig */,
				C94BD97B5EB671E5D665CB6D /* Pods-OriginalApplicationTests.release.xcconfig */,
				1B98971ADA006C89052D9E06 /* Pods-OriginalApplicationUITests.debug.xcconfig */,
				6F0A788B9EC228A5880EB500 /* Pods-OriginalApplicationUITests.release.xcconfig */,
			);
			name = Pods;
			sourceTree = "<group>";
		};
		A44551732009D565007115CC = {
			isa = PBXGroup;
			children = (
				A445517E2009D565007115CC /* OriginalApplication */,
				A44551932009D565007115CC /* OriginalApplicationTests */,
				A445519E2009D565007115CC /* OriginalApplicationUITests */,
				A445517D2009D565007115CC /* Products */,
				12F0C6BB887811F59FABF293 /* Pods */,
				F4D79035308E9DB9F38DFB04 /* Frameworks */,
			);
			sourceTree = "<group>";
			usesTabs = 0;
		};
		A445517D2009D565007115CC /* Products */ = {
			isa = PBXGroup;
			children = (
				A445517C2009D565007115CC /* OriginalApplication.app */,
				A44551902009D565007115CC /* OriginalApplicationTests.xctest */,
				A445519B2009D565007115CC /* OriginalApplicationUITests.xctest */,
			);
			name = Products;
			sourceTree = "<group>";
		};
		A445517E2009D565007115CC /* OriginalApplication */ = {
			isa = PBXGroup;
			children = (
				A48A4A68210387BA000CA2EA /* 青々緑色.gif */,
				A48A4A6621038760000CA2EA /* 青緑色.gif */,
				A48A4A6421038724000CA2EA /* 青緑々色.gif */,
				A48A4A6221038702000CA2EA /* 群青色.gif */,
				A48A4A60210386D7000CA2EA /* 黄緑色.gif */,
				A490E88020232F53000B0983 /* ノート.jpg */,
				A48A4A5E21038558000CA2EA /* NameViewController.swift */,
				A44551812009D565007115CC /* ViewController.swift */,
				A44551AF2009E3E4007115CC /* AllSubjectsViewController.swift */,
				A43F3B50218DB155002CA991 /* BarChartViewController.swift */,
				A44551B12009E3F8007115CC /* EachSubjectViewController.swift */,
				A44551B32009E40A007115CC /* ScoresViewController.swift */,
				A44551AD2009E3CE007115CC /* NotesViewController.swift */,
				A445517F2009D565007115CC /* AppDelegate.swift */,
				A44551832009D565007115CC /* Main.storyboard */,
				A44551862009D565007115CC /* Assets.xcassets */,
				A44551882009D565007115CC /* LaunchScreen.storyboard */,
				A445518B2009D565007115CC /* Info.plist */,
			);
			path = OriginalApplication;
			sourceTree = "<group>";
		};
		A44551932009D565007115CC /* OriginalApplicationTests */ = {
			isa = PBXGroup;
			children = (
				A44551942009D565007115CC /* OriginalApplicationTests.swift */,
				A44551962009D565007115CC /* Info.plist */,
			);
			path = OriginalApplicationTests;
			sourceTree = "<group>";
		};
		A445519E2009D565007115CC /* OriginalApplicationUITests */ = {
			isa = PBXGroup;
			children = (
				A445519F2009D565007115CC /* OriginalApplicationUITests.swift */,
				A44551A12009D565007115CC /* Info.plist */,
			);
			path = OriginalApplicationUITests;
			sourceTree = "<group>";
		};
		F4D79035308E9DB9F38DFB04 /* Frameworks */ = {
			isa = PBXGroup;
			children = (
				464D16E4371B30D8ED26EEA1 /* Pods_OriginalApplication.framework */,
				CEF20F96052AB6A3353B95F1 /* Pods_OriginalApplicationTests.framework */,
				D273083171388702153FB73A /* Pods_OriginalApplicationUITests.framework */,
			);
			name = Frameworks;
			sourceTree = "<group>";
		};
/* End PBXGroup section */

/* Begin PBXNativeTarget section */
		A445517B2009D565007115CC /* OriginalApplication */ = {
			isa = PBXNativeTarget;
			buildConfigurationList = A44551A42009D565007115CC /* Build configuration list for PBXNativeTarget "OriginalApplication" */;
			buildPhases = (
				9B219A389BEAFA22BDC1671F /* [CP] Check Pods Manifest.lock */,
				A44551782009D565007115CC /* Sources */,
				A44551792009D565007115CC /* Frameworks */,
				A445517A2009D565007115CC /* Resources */,
				42946029F9AB50977E9403C7 /* [CP] Embed Pods Frameworks */,
			);
			buildRules = (
			);
			dependencies = (
			);
			name = OriginalApplication;
			productName = OriginalApplication;
			productReference = A445517C2009D565007115CC /* OriginalApplication.app */;
			productType = "com.apple.product-type.application";
		};
		A445518F2009D565007115CC /* OriginalApplicationTests */ = {
			isa = PBXNativeTarget;
			buildConfigurationList = A44551A72009D565007115CC /* Build configuration list for PBXNativeTarget "OriginalApplicationTests" */;
			buildPhases = (
				DA50A9D6D613D5E6FD8B2948 /* [CP] Check Pods Manifest.lock */,
				A445518C2009D565007115CC /* Sources */,
				A445518D2009D565007115CC /* Frameworks */,
				A445518E2009D565007115CC /* Resources */,
			);
			buildRules = (
			);
			dependencies = (
				A44551922009D565007115CC /* PBXTargetDependency */,
			);
			name = OriginalApplicationTests;
			productName = OriginalApplicationTests;
			productReference = A44551902009D565007115CC /* OriginalApplicationTests.xctest */;
			productType = "com.apple.product-type.bundle.unit-test";
		};
		A445519A2009D565007115CC /* OriginalApplicationUITests */ = {
			isa = PBXNativeTarget;
			buildConfigurationList = A44551AA2009D565007115CC /* Build configuration list for PBXNativeTarget "OriginalApplicationUITests" */;
			buildPhases = (
				4A7AE172542454FDB4859BC6 /* [CP] Check Pods Manifest.lock */,
				A44551972009D565007115CC /* Sources */,
				A44551982009D565007115CC /* Frameworks */,
				A44551992009D565007115CC /* Resources */,
			);
			buildRules = (
			);
			dependencies = (
				A445519D2009D565007115CC /* PBXTargetDependency */,
			);
			name = OriginalApplicationUITests;
			productName = OriginalApplicationUITests;
			productReference = A445519B2009D565007115CC /* OriginalApplicationUITests.xctest */;
			productType = "com.apple.product-type.bundle.ui-testing";
		};
/* End PBXNativeTarget section */

/* Begin PBXProject section */
		A44551742009D565007115CC /* Project object */ = {
			isa = PBXProject;
			attributes = {
				LastSwiftUpdateCheck = 0920;
				LastUpgradeCheck = 0920;
				ORGANIZATIONNAME = "今泉櫻子";
				TargetAttributes = {
					A445517B2009D565007115CC = {
						CreatedOnToolsVersion = 9.2;
						ProvisioningStyle = Automatic;
					};
					A445518F2009D565007115CC = {
						CreatedOnToolsVersion = 9.2;
						ProvisioningStyle = Automatic;
						TestTargetID = A445517B2009D565007115CC;
					};
					A445519A2009D565007115CC = {
						CreatedOnToolsVersion = 9.2;
						ProvisioningStyle = Automatic;
						TestTargetID = A445517B2009D565007115CC;
					};
				};
			};
			buildConfigurationList = A44551772009D565007115CC /* Build configuration list for PBXProject "OriginalApplication" */;
			compatibilityVersion = "Xcode 8.0";
			developmentRegion = en;
			hasScannedForEncodings = 0;
			knownRegions = (
				en,
				Base,
			);
			mainGroup = A44551732009D565007115CC;
			productRefGroup = A445517D2009D565007115CC /* Products */;
			projectDirPath = "";
			projectRoot = "";
			targets = (
				A445517B2009D565007115CC /* OriginalApplication */,
				A445518F2009D565007115CC /* OriginalApplicationTests */,
				A445519A2009D565007115CC /* OriginalApplicationUITests */,
			);
		};
/* End PBXProject section */

/* Begin PBXResourcesBuildPhase section */
		A445517A2009D565007115CC /* Resources */ = {
			isa = PBXResourcesBuildPhase;
			buildActionMask = 2147483647;
			files = (
				A48A4A6721038760000CA2EA /* 青緑色.gif in Resources */,
				A48A4A61210386D7000CA2EA /* 黄緑色.gif in Resources */,
				A445518A2009D565007115CC /* LaunchScreen.storyboard in Resources */,
				A44551872009D565007115CC /* Assets.xcassets in Resources */,
				A48A4A6321038702000CA2EA /* 群青色.gif in Resources */,
				A48A4A69210387BA000CA2EA /* 青々緑色.gif in Resources */,
				A48A4A6521038724000CA2EA /* 青緑々色.gif in Resources */,
				A490E88120232F53000B0983 /* ノート.jpg in Resources */,
				A44551852009D565007115CC /* Main.storyboard in Resources */,
			);
			runOnlyForDeploymentPostprocessing = 0;
		};
		A445518E2009D565007115CC /* Resources */ = {
			isa = PBXResourcesBuildPhase;
			buildActionMask = 2147483647;
			files = (
			);
			runOnlyForDeploymentPostprocessing = 0;
		};
		A44551992009D565007115CC /* Resources */ = {
			isa = PBXResourcesBuildPhase;
			buildActionMask = 2147483647;
			files = (
			);
			runOnlyForDeploymentPostprocessing = 0;
		};
/* End PBXResourcesBuildPhase section */

/* Begin PBXShellScriptBuildPhase section */
		42946029F9AB50977E9403C7 /* [CP] Embed Pods Frameworks */ = {
			isa = PBXShellScriptBuildPhase;
			buildActionMask = 2147483647;
			files = (
			);
			inputFileListPaths = (
			);
			inputPaths = (
				"${SRCROOT}/Pods/Target Support Files/Pods-OriginalApplication/Pods-OriginalApplication-frameworks.sh",
				"${BUILT_PRODUCTS_DIR}/Charts/Charts.framework",
			);
			name = "[CP] Embed Pods Frameworks";
			outputFileListPaths = (
			);
			outputPaths = (
				"${TARGET_BUILD_DIR}/${FRAMEWORKS_FOLDER_PATH}/Charts.framework",
			);
			runOnlyForDeploymentPostprocessing = 0;
			shellPath = /bin/sh;
			shellScript = "\"${SRCROOT}/Pods/Target Support Files/Pods-OriginalApplication/Pods-OriginalApplication-frameworks.sh\"\n";
			showEnvVarsInLog = 0;
		};
		4A7AE172542454FDB4859BC6 /* [CP] Check Pods Manifest.lock */ = {
			isa = PBXShellScriptBuildPhase;
			buildActionMask = 2147483647;
			files = (
			);
			inputFileListPaths = (
			);
			inputPaths = (
				"${PODS_PODFILE_DIR_PATH}/Podfile.lock",
				"${PODS_ROOT}/Manifest.lock",
			);
			name = "[CP] Check Pods Manifest.lock";
			outputFileListPaths = (
			);
			outputPaths = (
				"$(DERIVED_FILE_DIR)/Pods-OriginalApplicationUITests-checkManifestLockResult.txt",
			);
			runOnlyForDeploymentPostprocessing = 0;
			shellPath = /bin/sh;
			shellScript = "diff \"${PODS_PODFILE_DIR_PATH}/Podfile.lock\" \"${PODS_ROOT}/Manifest.lock\" > /dev/null\nif [ $? != 0 ] ; then\n    # print error to STDERR\n    echo \"error: The sandbox is not in sync with the Podfile.lock. Run 'pod install' or update your CocoaPods installation.\" >&2\n    exit 1\nfi\n# This output is used by Xcode 'outputs' to avoid re-running this script phase.\necho \"SUCCESS\" > \"${SCRIPT_OUTPUT_FILE_0}\"\n";
			showEnvVarsInLog = 0;
		};
		9B219A389BEAFA22BDC1671F /* [CP] Check Pods Manifest.lock */ = {
			isa = PBXShellScriptBuildPhase;
			buildActionMask = 2147483647;
			files = (
			);
			inputFileListPaths = (
			);
			inputPaths = (
				"${PODS_PODFILE_DIR_PATH}/Podfile.lock",
				"${PODS_ROOT}/Manifest.lock",
			);
			name = "[CP] Check Pods Manifest.lock";
			outputFileListPaths = (
			);
			outputPaths = (
				"$(DERIVED_FILE_DIR)/Pods-OriginalApplication-checkManifestLockResult.txt",
			);
			runOnlyForDeploymentPostprocessing = 0;
			shellPath = /bin/sh;
			shellScript = "diff \"${PODS_PODFILE_DIR_PATH}/Podfile.lock\" \"${PODS_ROOT}/Manifest.lock\" > /dev/null\nif [ $? != 0 ] ; then\n    # print error to STDERR\n    echo \"error: The sandbox is not in sync with the Podfile.lock. Run 'pod install' or update your CocoaPods installation.\" >&2\n    exit 1\nfi\n# This output is used by Xcode 'outputs' to avoid re-running this script phase.\necho \"SUCCESS\" > \"${SCRIPT_OUTPUT_FILE_0}\"\n";
			showEnvVarsInLog = 0;
		};
		DA50A9D6D613D5E6FD8B2948 /* [CP] Check Pods Manifest.lock */ = {
			isa = PBXShellScriptBuildPhase;
			buildActionMask = 2147483647;
			files = (
			);
			inputFileListPaths = (
			);
			inputPaths = (
				"${PODS_PODFILE_DIR_PATH}/Podfile.lock",
				"${PODS_ROOT}/Manifest.lock",
			);
			name = "[CP] Check Pods Manifest.lock";
			outputFileListPaths = (
			);
			outputPaths = (
				"$(DERIVED_FILE_DIR)/Pods-OriginalApplicationTests-checkManifestLockResult.txt",
			);
			runOnlyForDeploymentPostprocessing = 0;
			shellPath = /bin/sh;
			shellScript = "diff \"${PODS_PODFILE_DIR_PATH}/Podfile.lock\" \"${PODS_ROOT}/Manifest.lock\" > /dev/null\nif [ $? != 0 ] ; then\n    # print error to STDERR\n    echo \"error: The sandbox is not in sync with the Podfile.lock. Run 'pod install' or update your CocoaPods installation.\" >&2\n    exit 1\nfi\n# This output is used by Xcode 'outputs' to avoid re-running this script phase.\necho \"SUCCESS\" > \"${SCRIPT_OUTPUT_FILE_0}\"\n";
			showEnvVarsInLog = 0;
		};
/* End PBXShellScriptBuildPhase section */

/* Begin PBXSourcesBuildPhase section */
		A44551782009D565007115CC /* Sources */ = {
			isa = PBXSourcesBuildPhase;
			buildActionMask = 2147483647;
			files = (
				A44551822009D565007115CC /* ViewController.swift in Sources */,
				A44551B42009E40A007115CC /* ScoresViewController.swift in Sources */,
				A48A4A5F21038558000CA2EA /* NameViewController.swift in Sources */,
				A44551B22009E3F8007115CC /* EachSubjectViewController.swift in Sources */,
				A44551B02009E3E4007115CC /* AllSubjectsViewController.swift in Sources */,
				A43F3B51218DB155002CA991 /* BarChartViewController.swift in Sources */,
				A44551802009D565007115CC /* AppDelegate.swift in Sources */,
				A44551AE2009E3CE007115CC /* NotesViewController.swift in Sources */,
			);
			runOnlyForDeploymentPostprocessing = 0;
		};
		A445518C2009D565007115CC /* Sources */ = {
			isa = PBXSourcesBuildPhase;
			buildActionMask = 2147483647;
			files = (
				A44551952009D565007115CC /* OriginalApplicationTests.swift in Sources */,
			);
			runOnlyForDeploymentPostprocessing = 0;
		};
		A44551972009D565007115CC /* Sources */ = {
			isa = PBXSourcesBuildPhase;
			buildActionMask = 2147483647;
			files = (
				A44551A02009D565007115CC /* OriginalApplicationUITests.swift in Sources */,
			);
			runOnlyForDeploymentPostprocessing = 0;
		};
/* End PBXSourcesBuildPhase section */

/* Begin PBXTargetDependency section */
		A44551922009D565007115CC /* PBXTargetDependency */ = {
			isa = PBXTargetDependency;
			target = A445517B2009D565007115CC /* OriginalApplication */;
			targetProxy = A44551912009D565007115CC /* PBXContainerItemProxy */;
		};
		A445519D2009D565007115CC /* PBXTargetDependency */ = {
			isa = PBXTargetDependency;
			target = A445517B2009D565007115CC /* OriginalApplication */;
			targetProxy = A445519C2009D565007115CC /* PBXContainerItemProxy */;
		};
/* End PBXTargetDependency section */

/* Begin PBXVariantGroup section */
		A44551832009D565007115CC /* Main.storyboard */ = {
			isa = PBXVariantGroup;
			children = (
				A44551842009D565007115CC /* Base */,
			);
			name = Main.storyboard;
			sourceTree = "<group>";
		};
		A44551882009D565007115CC /* LaunchScreen.storyboard */ = {
			isa = PBXVariantGroup;
			children = (
				A44551892009D565007115CC /* Base */,
			);
			name = LaunchScreen.storyboard;
			sourceTree = "<group>";
		};
/* End PBXVariantGroup section */

/* Begin XCBuildConfiguration section */
		A44551A22009D565007115CC /* Debug */ = {
			isa = XCBuildConfiguration;
			buildSettings = {
				ALWAYS_SEARCH_USER_PATHS = NO;
				CLANG_ANALYZER_NONNULL = YES;
				CLANG_ANALYZER_NUMBER_OBJECT_CONVERSION = YES_AGGRESSIVE;
				CLANG_CXX_LANGUAGE_STANDARD = "gnu++14";
				CLANG_CXX_LIBRARY = "libc++";
				CLANG_ENABLE_MODULES = YES;
				CLANG_ENABLE_OBJC_ARC = YES;
				CLANG_WARN_BLOCK_CAPTURE_AUTORELEASING = YES;
				CLANG_WARN_BOOL_CONVERSION = YES;
				CLANG_WARN_COMMA = YES;
				CLANG_WARN_CONSTANT_CONVERSION = YES;
				CLANG_WARN_DIRECT_OBJC_ISA_USAGE = YES_ERROR;
				CLANG_WARN_DOCUMENTATION_COMMENTS = YES;
				CLANG_WARN_EMPTY_BODY = YES;
				CLANG_WARN_ENUM_CONVERSION = YES;
				CLANG_WARN_INFINITE_RECURSION = YES;
				CLANG_WARN_INT_CONVERSION = YES;
				CLANG_WARN_NON_LITERAL_NULL_CONVERSION = YES;
				CLANG_WARN_OBJC_LITERAL_CONVERSION = YES;
				CLANG_WARN_OBJC_ROOT_CLASS = YES_ERROR;
				CLANG_WARN_RANGE_LOOP_ANALYSIS = YES;
				CLANG_WARN_STRICT_PROTOTYPES = YES;
				CLANG_WARN_SUSPICIOUS_MOVE = YES;
				CLANG_WARN_UNGUARDED_AVAILABILITY = YES_AGGRESSIVE;
				CLANG_WARN_UNREACHABLE_CODE = YES;
				CLANG_WARN__DUPLICATE_METHOD_MATCH = YES;
				CODE_SIGN_IDENTITY = "iPhone Developer";
				COPY_PHASE_STRIP = NO;
				DEBUG_INFORMATION_FORMAT = dwarf;
				ENABLE_STRICT_OBJC_MSGSEND = YES;
				ENABLE_TESTABILITY = YES;
				GCC_C_LANGUAGE_STANDARD = gnu11;
				GCC_DYNAMIC_NO_PIC = NO;
				GCC_NO_COMMON_BLOCKS = YES;
				GCC_OPTIMIZATION_LEVEL = 0;
				GCC_PREPROCESSOR_DEFINITIONS = (
					"DEBUG=1",
					"$(inherited)",
				);
				GCC_WARN_64_TO_32_BIT_CONVERSION = YES;
				GCC_WARN_ABOUT_RETURN_TYPE = YES_ERROR;
				GCC_WARN_UNDECLARED_SELECTOR = YES;
				GCC_WARN_UNINITIALIZED_AUTOS = YES_AGGRESSIVE;
				GCC_WARN_UNUSED_FUNCTION = YES;
				GCC_WARN_UNUSED_VARIABLE = YES;
				IPHONEOS_DEPLOYMENT_TARGET = 11.4;
				MTL_ENABLE_DEBUG_INFO = YES;
				ONLY_ACTIVE_ARCH = YES;
				SDKROOT = iphoneos;
				SWIFT_ACTIVE_COMPILATION_CONDITIONS = DEBUG;
				SWIFT_OPTIMIZATION_LEVEL = "-Onone";
			};
			name = Debug;
		};
		A44551A32009D565007115CC /* Release */ = {
			isa = XCBuildConfiguration;
			buildSettings = {
				ALWAYS_SEARCH_USER_PATHS = NO;
				CLANG_ANALYZER_NONNULL = YES;
				CLANG_ANALYZER_NUMBER_OBJECT_CONVERSION = YES_AGGRESSIVE;
				CLANG_CXX_LANGUAGE_STANDARD = "gnu++14";
				CLANG_CXX_LIBRARY = "libc++";
				CLANG_ENABLE_MODULES = YES;
				CLANG_ENABLE_OBJC_ARC = YES;
				CLANG_WARN_BLOCK_CAPTURE_AUTORELEASING = YES;
				CLANG_WARN_BOOL_CONVERSION = YES;
				CLANG_WARN_COMMA = YES;
				CLANG_WARN_CONSTANT_CONVERSION = YES;
				CLANG_WARN_DIRECT_OBJC_ISA_USAGE = YES_ERROR;
				CLANG_WARN_DOCUMENTATION_COMMENTS = YES;
				CLANG_WARN_EMPTY_BODY = YES;
				CLANG_WARN_ENUM_CONVERSION = YES;
				CLANG_WARN_INFINITE_RECURSION = YES;
				CLANG_WARN_INT_CONVERSION = YES;
				CLANG_WARN_NON_LITERAL_NULL_CONVERSION = YES;
				CLANG_WARN_OBJC_LITERAL_CONVERSION = YES;
				CLANG_WARN_OBJC_ROOT_CLASS = YES_ERROR;
				CLANG_WARN_RANGE_LOOP_ANALYSIS = YES;
				CLANG_WARN_STRICT_PROTOTYPES = YES;
				CLANG_WARN_SUSPICIOUS_MOVE = YES;
				CLANG_WARN_UNGUARDED_AVAILABILITY = YES_AGGRESSIVE;
				CLANG_WARN_UNREACHABLE_CODE = YES;
				CLANG_WARN__DUPLICATE_METHOD_MATCH = YES;
				CODE_SIGN_IDENTITY = "iPhone Developer";
				COPY_PHASE_STRIP = NO;
				DEBUG_INFORMATION_FORMAT = "dwarf-with-dsym";
				ENABLE_NS_ASSERTIONS = NO;
				ENABLE_STRICT_OBJC_MSGSEND = YES;
				GCC_C_LANGUAGE_STANDARD = gnu11;
				GCC_NO_COMMON_BLOCKS = YES;
				GCC_WARN_64_TO_32_BIT_CONVERSION = YES;
				GCC_WARN_ABOUT_RETURN_TYPE = YES_ERROR;
				GCC_WARN_UNDECLARED_SELECTOR = YES;
				GCC_WARN_UNINITIALIZED_AUTOS = YES_AGGRESSIVE;
				GCC_WARN_UNUSED_FUNCTION = YES;
				GCC_WARN_UNUSED_VARIABLE = YES;
				IPHONEOS_DEPLOYMENT_TARGET = 11.4;
				MTL_ENABLE_DEBUG_INFO = NO;
				SDKROOT = iphoneos;
				SWIFT_OPTIMIZATION_LEVEL = "-Owholemodule";
				VALIDATE_PRODUCT = YES;
			};
			name = Release;
		};
		A44551A52009D565007115CC /* Debug */ = {
			isa = XCBuildConfiguration;
			baseConfigurationReference = D7478E179DFBEACB38F65B82 /* Pods-OriginalApplication.debug.xcconfig */;
			buildSettings = {
				ASSETCATALOG_COMPILER_APPICON_NAME = AppIcon;
				CODE_SIGN_STYLE = Automatic;
				DEVELOPMENT_TEAM = 65SWWN45J8;
				INFOPLIST_FILE = OriginalApplication/Info.plist;
				LD_RUNPATH_SEARCH_PATHS = "$(inherited) @executable_path/Frameworks";
				PRODUCT_BUNDLE_IDENTIFIER = com.sakurako.OriginalApplication;
				PRODUCT_NAME = "$(TARGET_NAME)";
				SWIFT_VERSION = 4.0;
				TARGETED_DEVICE_FAMILY = "1,2";
			};
			name = Debug;
		};
		A44551A62009D565007115CC /* Release */ = {
			isa = XCBuildConfiguration;
			baseConfigurationReference = ECD4AA5E4152EBE3B310501F /* Pods-OriginalApplication.release.xcconfig */;
			buildSettings = {
				ASSETCATALOG_COMPILER_APPICON_NAME = AppIcon;
				CODE_SIGN_STYLE = Automatic;
				DEVELOPMENT_TEAM = 65SWWN45J8;
				INFOPLIST_FILE = OriginalApplication/Info.plist;
				LD_RUNPATH_SEARCH_PATHS = "$(inherited) @executable_path/Frameworks";
				PRODUCT_BUNDLE_IDENTIFIER = com.sakurako.OriginalApplication;
				PRODUCT_NAME = "$(TARGET_NAME)";
				SWIFT_VERSION = 4.0;
				TARGETED_DEVICE_FAMILY = "1,2";
			};
			name = Release;
		};
		A44551A82009D565007115CC /* Debug */ = {
			isa = XCBuildConfiguration;
			baseConfigurationReference = 239FF9897C171BA25DA30A04 /* Pods-OriginalApplicationTests.debug.xcconfig */;
			buildSettings = {
				ALWAYS_EMBED_SWIFT_STANDARD_LIBRARIES = YES;
				BUNDLE_LOADER = "$(TEST_HOST)";
				CODE_SIGN_STYLE = Automatic;
				DEVELOPMENT_TEAM = "";
				INFOPLIST_FILE = OriginalApplicationTests/Info.plist;
				LD_RUNPATH_SEARCH_PATHS = "$(inherited) @executable_path/Frameworks @loader_path/Frameworks";
				PRODUCT_BUNDLE_IDENTIFIER = com.sakurako.OriginalApplicationTests;
				PRODUCT_NAME = "$(TARGET_NAME)";
				SWIFT_VERSION = 4.0;
				TARGETED_DEVICE_FAMILY = "1,2";
				TEST_HOST = "$(BUILT_PRODUCTS_DIR)/OriginalApplication.app/OriginalApplication";
			};
			name = Debug;
		};
		A44551A92009D565007115CC /* Release */ = {
			isa = XCBuildConfiguration;
			baseConfigurationReference = C94BD97B5EB671E5D665CB6D /* Pods-OriginalApplicationTests.release.xcconfig */;
			buildSettings = {
				ALWAYS_EMBED_SWIFT_STANDARD_LIBRARIES = YES;
				BUNDLE_LOADER = "$(TEST_HOST)";
				CODE_SIGN_STYLE = Automatic;
				DEVELOPMENT_TEAM = "";
				INFOPLIST_FILE = OriginalApplicationTests/Info.plist;
				LD_RUNPATH_SEARCH_PATHS = "$(inherited) @executable_path/Frameworks @loader_path/Frameworks";
				PRODUCT_BUNDLE_IDENTIFIER = com.sakurako.OriginalApplicationTests;
				PRODUCT_NAME = "$(TARGET_NAME)";
				SWIFT_VERSION = 4.0;
				TARGETED_DEVICE_FAMILY = "1,2";
				TEST_HOST = "$(BUILT_PRODUCTS_DIR)/OriginalApplication.app/OriginalApplication";
			};
			name = Release;
		};
		A44551AB2009D565007115CC /* Debug */ = {
			isa = XCBuildConfiguration;
			baseConfigurationReference = 1B98971ADA006C89052D9E06 /* Pods-OriginalApplicationUITests.debug.xcconfig */;
			buildSettings = {
				ALWAYS_EMBED_SWIFT_STANDARD_LIBRARIES = YES;
				CODE_SIGN_IDENTITY = "iPhone Developer";
				CODE_SIGN_STYLE = Automatic;
				DEVELOPMENT_TEAM = "";
				INFOPLIST_FILE = OriginalApplicationUITests/Info.plist;
				LD_RUNPATH_SEARCH_PATHS = "$(inherited) @executable_path/Frameworks @loader_path/Frameworks";
				PRODUCT_BUNDLE_IDENTIFIER = com.sakurako.OriginalApplicationUITests;
				PRODUCT_NAME = "$(TARGET_NAME)";
				PROVISIONING_PROFILE = "";
				PROVISIONING_PROFILE_SPECIFIER = "";
				SWIFT_VERSION = 4.0;
				TARGETED_DEVICE_FAMILY = "1,2";
				TEST_TARGET_NAME = OriginalApplication;
			};
			name = Debug;
		};
		A44551AC2009D565007115CC /* Release */ = {
			isa = XCBuildConfiguration;
			baseConfigurationReference = 6F0A788B9EC228A5880EB500 /* Pods-OriginalApplicationUITests.release.xcconfig */;
			buildSettings = {
				ALWAYS_EMBED_SWIFT_STANDARD_LIBRARIES = YES;
				CODE_SIGN_IDENTITY = "iPhone Developer";
				CODE_SIGN_STYLE = Automatic;
				DEVELOPMENT_TEAM = "";
				INFOPLIST_FILE = OriginalApplicationUITests/Info.plist;
				LD_RUNPATH_SEARCH_PATHS = "$(inherited) @executable_path/Frameworks @loader_path/Frameworks";
				PRODUCT_BUNDLE_IDENTIFIER = com.sakurako.OriginalApplicationUITests;
				PRODUCT_NAME = "$(TARGET_NAME)";
				PROVISIONING_PROFILE = "";
				PROVISIONING_PROFILE_SPECIFIER = "";
				SWIFT_VERSION = 4.0;
				TARGETED_DEVICE_FAMILY = "1,2";
				TEST_TARGET_NAME = OriginalApplication;
			};
			name = Release;
		};
/* End XCBuildConfiguration section */

/* Begin XCConfigurationList section */
		A44551772009D565007115CC /* Build configuration list for PBXProject "OriginalApplication" */ = {
			isa = XCConfigurationList;
			buildConfigurations = (
				A44551A22009D565007115CC /* Debug */,
				A44551A32009D565007115CC /* Release */,
			);
			defaultConfigurationIsVisible = 0;
			defaultConfigurationName = Release;
		};
		A44551A42009D565007115CC /* Build configuration list for PBXNativeTarget "OriginalApplication" */ = {
			isa = XCConfigurationList;
			buildConfigurations = (
				A44551A52009D565007115CC /* Debug */,
				A44551A62009D565007115CC /* Release */,
			);
			defaultConfigurationIsVisible = 0;
			defaultConfigurationName = Release;
		};
		A44551A72009D565007115CC /* Build configuration list for PBXNativeTarget "OriginalApplicationTests" */ = {
			isa = XCConfigurationList;
			buildConfigurations = (
				A44551A82009D565007115CC /* Debug */,
				A44551A92009D565007115CC /* Release */,
			);
			defaultConfigurationIsVisible = 0;
			defaultConfigurationName = Release;
		};
		A44551AA2009D565007115CC /* Build configuration list for PBXNativeTarget "OriginalApplicationUITests" */ = {
			isa = XCConfigurationList;
			buildConfigurations = (
				A44551AB2009D565007115CC /* Debug */,
				A44551AC2009D565007115CC /* Release */,
			);
			defaultConfigurationIsVisible = 0;
			defaultConfigurationName = Release;
		};
/* End XCConfigurationList section */
	};
	rootObject = A44551742009D565007115CC /* Project object */;
}
